
Microsoft Visual Studio Solution File, Format Version 12.00
# Visual Studio 2012
Project("{8BC9CEB8-8B4A-11D0-8D11-00A0C91BC942}") = "ArcCore", "Modules\ArcCore\ArcCore.vcxproj", "{12F65C0E-ADBE-470A-AA00-EE6F19C380C0}"
EndProject
Project("{8BC9CEB8-8B4A-11D0-8D11-00A0C91BC942}") = "ArcData", "Modules\ArcData\ArcData.vcxproj", "{9168FFE9-54A2-49DE-8B4C-79D357D44AF2}"
	ProjectSection(ProjectDependencies) = postProject
		{12F65C0E-ADBE-470A-AA00-EE6F19C380C0} = {12F65C0E-ADBE-470A-AA00-EE6F19C380C0}
	EndProjectSection
EndProject
Project("{8BC9CEB8-8B4A-11D0-8D11-00A0C91BC942}") = "ArcUI", "Modules\ArcUI\ArcUI.vcxproj", "{598A6474-3693-4D80-81CD-899978D5486D}"
	ProjectSection(ProjectDependencies) = postProject
		{12F65C0E-ADBE-470A-AA00-EE6F19C380C0} = {12F65C0E-ADBE-470A-AA00-EE6F19C380C0}
	EndProjectSection
EndProject
Project("{8BC9CEB8-8B4A-11D0-8D11-00A0C91BC942}") = "ArcGraphics", "Modules\ArcGraphics\ArcGraphics.vcxproj", "{2A324032-8660-40B2-B989-01AE9501985D}"
	ProjectSection(ProjectDependencies) = postProject
		{12F65C0E-ADBE-470A-AA00-EE6F19C380C0} = {12F65C0E-ADBE-470A-AA00-EE6F19C380C0}
	EndProjectSection
EndProject
Project("{8BC9CEB8-8B4A-11D0-8D11-00A0C91BC942}") = "ArcAudio", "Modules\ArcAudio\ArcAudio.vcxproj", "{EF5BCC57-2CEA-4722-806E-8E5849B5264E}"
	ProjectSection(ProjectDependencies) = postProject
		{12F65C0E-ADBE-470A-AA00-EE6F19C380C0} = {12F65C0E-ADBE-470A-AA00-EE6F19C380C0}
	EndProjectSection
EndProject
Project("{8BC9CEB8-8B4A-11D0-8D11-00A0C91BC942}") = "ArcNet", "Modules\ArcNet\ArcNet.vcxproj", "{27570C40-20FA-47B0-B002-666BBD57D139}"
	ProjectSection(ProjectDependencies) = postProject
		{12F65C0E-ADBE-470A-AA00-EE6F19C380C0} = {12F65C0E-ADBE-470A-AA00-EE6F19C380C0}
	EndProjectSection
EndProject
Project("{8BC9CEB8-8B4A-11D0-8D11-00A0C91BC942}") = "ArcEffect", "Modules\ArcEffect\ArcEffect.vcxproj", "{6BDEEC20-31D5-462B-8D14-738EC007D286}"
	ProjectSection(ProjectDependencies) = postProject
		{12F65C0E-ADBE-470A-AA00-EE6F19C380C0} = {12F65C0E-ADBE-470A-AA00-EE6F19C380C0}
	EndProjectSection
EndProject
Project("{8BC9CEB8-8B4A-11D0-8D11-00A0C91BC942}") = "ArcTesting", "ArcTesting\ArcTesting.vcxproj", "{69E75979-5A4B-4973-9A84-9AFB36393D9B}"
	ProjectSection(ProjectDependencies) = postProject
		{12F65C0E-ADBE-470A-AA00-EE6F19C380C0} = {12F65C0E-ADBE-470A-AA00-EE6F19C380C0}
		{6BDEEC20-31D5-462B-8D14-738EC007D286} = {6BDEEC20-31D5-462B-8D14-738EC007D286}
		{2A324032-8660-40B2-B989-01AE9501985D} = {2A324032-8660-40B2-B989-01AE9501985D}
		{27570C40-20FA-47B0-B002-666BBD57D139} = {27570C40-20FA-47B0-B002-666BBD57D139}
		{6362294C-3FD1-47B6-B7BB-F8DBB82638B5} = {6362294C-3FD1-47B6-B7BB-F8DBB82638B5}
		{EF5BCC57-2CEA-4722-806E-8E5849B5264E} = {EF5BCC57-2CEA-4722-806E-8E5849B5264E}
		{598A6474-3693-4D80-81CD-899978D5486D} = {598A6474-3693-4D80-81CD-899978D5486D}
		{5EACCAD8-C14D-4186-867E-31056B85DB6E} = {5EACCAD8-C14D-4186-867E-31056B85DB6E}
		{9168FFE9-54A2-49DE-8B4C-79D357D44AF2} = {9168FFE9-54A2-49DE-8B4C-79D357D44AF2}
	EndProjectSection
EndProject
Project("{8BC9CEB8-8B4A-11D0-8D11-00A0C91BC942}") = "ArcGame", "Modules\ArcGame\ArcGame.vcxproj", "{5EACCAD8-C14D-4186-867E-31056B85DB6E}"
	ProjectSection(ProjectDependencies) = postProject
		{12F65C0E-ADBE-470A-AA00-EE6F19C380C0} = {12F65C0E-ADBE-470A-AA00-EE6F19C380C0}
		{2A324032-8660-40B2-B989-01AE9501985D} = {2A324032-8660-40B2-B989-01AE9501985D}
		{EF5BCC57-2CEA-4722-806E-8E5849B5264E} = {EF5BCC57-2CEA-4722-806E-8E5849B5264E}
	EndProjectSection
EndProject
Project("{8BC9CEB8-8B4A-11D0-8D11-00A0C91BC942}") = "ArcScript", "Modules\ArcScript\ArcScript.vcxproj", "{6362294C-3FD1-47B6-B7BB-F8DBB82638B5}"
EndProject
Project("{8BC9CEB8-8B4A-11D0-8D11-00A0C91BC942}") = "ArcInterop", "Modules\ArcInterop\ArcInterop.vcxproj", "{F4EC9583-AEF4-4359-9048-3F2ACD3E00C3}"
	ProjectSection(ProjectDependencies) = postProject
		{12F65C0E-ADBE-470A-AA00-EE6F19C380C0} = {12F65C0E-ADBE-470A-AA00-EE6F19C380C0}
		{27570C40-20FA-47B0-B002-666BBD57D139} = {27570C40-20FA-47B0-B002-666BBD57D139}
		{6362294C-3FD1-47B6-B7BB-F8DBB82638B5} = {6362294C-3FD1-47B6-B7BB-F8DBB82638B5}
		{9168FFE9-54A2-49DE-8B4C-79D357D44AF2} = {9168FFE9-54A2-49DE-8B4C-79D357D44AF2}
	EndProjectSection
EndProject
Global
	GlobalSection(SolutionConfigurationPlatforms) = preSolution
		Debug - Script, Data|Win32 = Debug - Script, Data|Win32
		Debug - Script, Net, Data|Win32 = Debug - Script, Net, Data|Win32
		Debug - Script, Net|Win32 = Debug - Script, Net|Win32
		Release|Win32 = Release|Win32
	EndGlobalSection
	GlobalSection(ProjectConfigurationPlatforms) = postSolution
		{12F65C0E-ADBE-470A-AA00-EE6F19C380C0}.Debug - Script, Data|Win32.ActiveCfg = Debug|Win32
		{12F65C0E-ADBE-470A-AA00-EE6F19C380C0}.Debug - Script, Data|Win32.Build.0 = Debug|Win32
		{12F65C0E-ADBE-470A-AA00-EE6F19C380C0}.Debug - Script, Net, Data|Win32.ActiveCfg = Debug|Win32
		{12F65C0E-ADBE-470A-AA00-EE6F19C380C0}.Debug - Script, Net, Data|Win32.Build.0 = Debug|Win32
		{12F65C0E-ADBE-470A-AA00-EE6F19C380C0}.Debug - Script, Net|Win32.ActiveCfg = Debug|Win32
		{12F65C0E-ADBE-470A-AA00-EE6F19C380C0}.Debug - Script, Net|Win32.Build.0 = Debug|Win32
		{12F65C0E-ADBE-470A-AA00-EE6F19C380C0}.Release|Win32.ActiveCfg = Release|Win32
		{12F65C0E-ADBE-470A-AA00-EE6F19C380C0}.Release|Win32.Build.0 = Release|Win32
		{9168FFE9-54A2-49DE-8B4C-79D357D44AF2}.Debug - Script, Data|Win32.ActiveCfg = Debug|Win32
		{9168FFE9-54A2-49DE-8B4C-79D357D44AF2}.Debug - Script, Data|Win32.Build.0 = Debug|Win32
		{9168FFE9-54A2-49DE-8B4C-79D357D44AF2}.Debug - Script, Net, Data|Win32.ActiveCfg = Debug|Win32
		{9168FFE9-54A2-49DE-8B4C-79D357D44AF2}.Debug - Script, Net, Data|Win32.Build.0 = Debug|Win32
		{9168FFE9-54A2-49DE-8B4C-79D357D44AF2}.Debug - Script, Net|Win32.ActiveCfg = Debug|Win32
		{9168FFE9-54A2-49DE-8B4C-79D357D44AF2}.Debug - Script, Net|Win32.Build.0 = Debug|Win32
		{9168FFE9-54A2-49DE-8B4C-79D357D44AF2}.Release|Win32.ActiveCfg = Release|Win32
		{9168FFE9-54A2-49DE-8B4C-79D357D44AF2}.Release|Win32.Build.0 = Release|Win32
		{598A6474-3693-4D80-81CD-899978D5486D}.Debug - Script, Data|Win32.ActiveCfg = Debug|Win32
		{598A6474-3693-4D80-81CD-899978D5486D}.Debug - Script, Data|Win32.Build.0 = Debug|Win32
		{598A6474-3693-4D80-81CD-899978D5486D}.Debug - Script, Net, Data|Win32.ActiveCfg = Debug|Win32
		{598A6474-3693-4D80-81CD-899978D5486D}.Debug - Script, Net, Data|Win32.Build.0 = Debug|Win32
		{598A6474-3693-4D80-81CD-899978D5486D}.Debug - Script, Net|Win32.ActiveCfg = Debug|Win32
		{598A6474-3693-4D80-81CD-899978D5486D}.Debug - Script, Net|Win32.Build.0 = Debug|Win32
		{598A6474-3693-4D80-81CD-899978D5486D}.Release|Win32.ActiveCfg = Release|Win32
		{598A6474-3693-4D80-81CD-899978D5486D}.Release|Win32.Build.0 = Release|Win32
		{2A324032-8660-40B2-B989-01AE9501985D}.Debug - Script, Data|Win32.ActiveCfg = Debug|Win32
		{2A324032-8660-40B2-B989-01AE9501985D}.Debug - Script, Data|Win32.Build.0 = Debug|Win32
		{2A324032-8660-40B2-B989-01AE9501985D}.Debug - Script, Net, Data|Win32.ActiveCfg = Debug|Win32
		{2A324032-8660-40B2-B989-01AE9501985D}.Debug - Script, Net, Data|Win32.Build.0 = Debug|Win32
		{2A324032-8660-40B2-B989-01AE9501985D}.Debug - Script, Net|Win32.ActiveCfg = Debug|Win32
		{2A324032-8660-40B2-B989-01AE9501985D}.Debug - Script, Net|Win32.Build.0 = Debug|Win32
		{2A324032-8660-40B2-B989-01AE9501985D}.Release|Win32.ActiveCfg = Release|Win32
		{2A324032-8660-40B2-B989-01AE9501985D}.Release|Win32.Build.0 = Release|Win32
		{EF5BCC57-2CEA-4722-806E-8E5849B5264E}.Debug - Script, Data|Win32.ActiveCfg = Debug|Win32
		{EF5BCC57-2CEA-4722-806E-8E5849B5264E}.Debug - Script, Data|Win32.Build.0 = Debug|Win32
		{EF5BCC57-2CEA-4722-806E-8E5849B5264E}.Debug - Script, Net, Data|Win32.ActiveCfg = Debug|Win32
		{EF5BCC57-2CEA-4722-806E-8E5849B5264E}.Debug - Script, Net, Data|Win32.Build.0 = Debug|Win32
		{EF5BCC57-2CEA-4722-806E-8E5849B5264E}.Debug - Script, Net|Win32.ActiveCfg = Debug|Win32
		{EF5BCC57-2CEA-4722-806E-8E5849B5264E}.Debug - Script, Net|Win32.Build.0 = Debug|Win32
		{EF5BCC57-2CEA-4722-806E-8E5849B5264E}.Release|Win32.ActiveCfg = Release|Win32
		{EF5BCC57-2CEA-4722-806E-8E5849B5264E}.Release|Win32.Build.0 = Release|Win32
		{27570C40-20FA-47B0-B002-666BBD57D139}.Debug - Script, Data|Win32.ActiveCfg = Debug|Win32
		{27570C40-20FA-47B0-B002-666BBD57D139}.Debug - Script, Data|Win32.Build.0 = Debug|Win32
		{27570C40-20FA-47B0-B002-666BBD57D139}.Debug - Script, Net, Data|Win32.ActiveCfg = Debug|Win32
		{27570C40-20FA-47B0-B002-666BBD57D139}.Debug - Script, Net, Data|Win32.Build.0 = Debug|Win32
		{27570C40-20FA-47B0-B002-666BBD57D139}.Debug - Script, Net|Win32.ActiveCfg = Debug|Win32
		{27570C40-20FA-47B0-B002-666BBD57D139}.Debug - Script, Net|Win32.Build.0 = Debug|Win32
		{27570C40-20FA-47B0-B002-666BBD57D139}.Release|Win32.ActiveCfg = Release|Win32
		{27570C40-20FA-47B0-B002-666BBD57D139}.Release|Win32.Build.0 = Release|Win32
		{6BDEEC20-31D5-462B-8D14-738EC007D286}.Debug - Script, Data|Win32.ActiveCfg = Debug|Win32
		{6BDEEC20-31D5-462B-8D14-738EC007D286}.Debug - Script, Data|Win32.Build.0 = Debug|Win32
		{6BDEEC20-31D5-462B-8D14-738EC007D286}.Debug - Script, Net, Data|Win32.ActiveCfg = Debug|Win32
		{6BDEEC20-31D5-462B-8D14-738EC007D286}.Debug - Script, Net, Data|Win32.Build.0 = Debug|Win32
		{6BDEEC20-31D5-462B-8D14-738EC007D286}.Debug - Script, Net|Win32.ActiveCfg = Debug|Win32
		{6BDEEC20-31D5-462B-8D14-738EC007D286}.Debug - Script, Net|Win32.Build.0 = Debug|Win32
		{6BDEEC20-31D5-462B-8D14-738EC007D286}.Release|Win32.ActiveCfg = Release|Win32
		{6BDEEC20-31D5-462B-8D14-738EC007D286}.Release|Win32.Build.0 = Release|Win32
		{69E75979-5A4B-4973-9A84-9AFB36393D9B}.Debug - Script, Data|Win32.ActiveCfg = Debug|Win32
		{69E75979-5A4B-4973-9A84-9AFB36393D9B}.Debug - Script, Data|Win32.Build.0 = Debug|Win32
		{69E75979-5A4B-4973-9A84-9AFB36393D9B}.Debug - Script, Net, Data|Win32.ActiveCfg = Debug|Win32
		{69E75979-5A4B-4973-9A84-9AFB36393D9B}.Debug - Script, Net, Data|Win32.Build.0 = Debug|Win32
		{69E75979-5A4B-4973-9A84-9AFB36393D9B}.Debug - Script, Net|Win32.ActiveCfg = Debug|Win32
		{69E75979-5A4B-4973-9A84-9AFB36393D9B}.Debug - Script, Net|Win32.Build.0 = Debug|Win32
		{69E75979-5A4B-4973-9A84-9AFB36393D9B}.Release|Win32.ActiveCfg = Release|Win32
		{69E75979-5A4B-4973-9A84-9AFB36393D9B}.Release|Win32.Build.0 = Release|Win32
		{5EACCAD8-C14D-4186-867E-31056B85DB6E}.Debug - Script, Data|Win32.ActiveCfg = Debug|Win32
		{5EACCAD8-C14D-4186-867E-31056B85DB6E}.Debug - Script, Data|Win32.Build.0 = Debug|Win32
		{5EACCAD8-C14D-4186-867E-31056B85DB6E}.Debug - Script, Net, Data|Win32.ActiveCfg = Debug|Win32
		{5EACCAD8-C14D-4186-867E-31056B85DB6E}.Debug - Script, Net, Data|Win32.Build.0 = Debug|Win32
		{5EACCAD8-C14D-4186-867E-31056B85DB6E}.Debug - Script, Net|Win32.ActiveCfg = Debug|Win32
		{5EACCAD8-C14D-4186-867E-31056B85DB6E}.Debug - Script, Net|Win32.Build.0 = Debug|Win32
		{5EACCAD8-C14D-4186-867E-31056B85DB6E}.Release|Win32.ActiveCfg = Release|Win32
		{5EACCAD8-C14D-4186-867E-31056B85DB6E}.Release|Win32.Build.0 = Release|Win32
		{6362294C-3FD1-47B6-B7BB-F8DBB82638B5}.Debug - Script, Data|Win32.ActiveCfg = Debug|Win32
		{6362294C-3FD1-47B6-B7BB-F8DBB82638B5}.Debug - Script, Data|Win32.Build.0 = Debug|Win32
		{6362294C-3FD1-47B6-B7BB-F8DBB82638B5}.Debug - Script, Net, Data|Win32.ActiveCfg = Debug|Win32
		{6362294C-3FD1-47B6-B7BB-F8DBB82638B5}.Debug - Script, Net, Data|Win32.Build.0 = Debug|Win32
		{6362294C-3FD1-47B6-B7BB-F8DBB82638B5}.Debug - Script, Net|Win32.ActiveCfg = Debug|Win32
		{6362294C-3FD1-47B6-B7BB-F8DBB82638B5}.Debug - Script, Net|Win32.Build.0 = Debug|Win32
		{6362294C-3FD1-47B6-B7BB-F8DBB82638B5}.Release|Win32.ActiveCfg = Release|Win32
		{6362294C-3FD1-47B6-B7BB-F8DBB82638B5}.Release|Win32.Build.0 = Release|Win32
		{F4EC9583-AEF4-4359-9048-3F2ACD3E00C3}.Debug - Script, Data|Win32.ActiveCfg = Debug - Script, Data|Win32
		{F4EC9583-AEF4-4359-9048-3F2ACD3E00C3}.Debug - Script, Data|Win32.Build.0 = Debug - Script, Data|Win32
		{F4EC9583-AEF4-4359-9048-3F2ACD3E00C3}.Debug - Script, Net, Data|Win32.ActiveCfg = Debug - Script, Data|Win32
		{F4EC9583-AEF4-4359-9048-3F2ACD3E00C3}.Debug - Script, Net, Data|Win32.Build.0 = Debug - Script, Data|Win32
		{F4EC9583-AEF4-4359-9048-3F2ACD3E00C3}.Debug - Script, Net|Win32.ActiveCfg = Debug - Script, Net|Win32
		{F4EC9583-AEF4-4359-9048-3F2ACD3E00C3}.Debug - Script, Net|Win32.Build.0 = Debug - Script, Net|Win32
		{F4EC9583-AEF4-4359-9048-3F2ACD3E00C3}.Release|Win32.ActiveCfg = Release|Win32
		{F4EC9583-AEF4-4359-9048-3F2ACD3E00C3}.Release|Win32.Build.0 = Release|Win32
	EndGlobalSection
	GlobalSection(SolutionProperties) = preSolution
		HideSolutionNode = FALSE
	EndGlobalSection
EndGlobal
