<?xml version="1.0" encoding="UTF-8" standalone="yes" ?>
<CodeBlocks_project_file>
	<FileVersion major="1" minor="6" />
	<Project>
		<Option title="ArcNet" />
		<Option pch_mode="2" />
		<Option compiler="gcc" />
		<Option virtualFolders="Project/;Project/Utilities/;" />
		<Build>
			<Target title="Debug">
				<Option output="bin/Debug/ArcNet" prefix_auto="1" extension_auto="1" />
				<Option working_dir="" />
				<Option object_output="obj/Debug/" />
				<Option type="2" />
				<Option compiler="gcc" />
				<Option createDefFile="1" />
				<Compiler>
					<Add option="-pedantic-errors" />
					<Add option="-pedantic" />
					<Add option="-std=c++0x" />
					<Add option="-Wall" />
					<Add option="-g" />
				</Compiler>
				<Linker>
					<Add directory="../ArcCore/bin/Debug" />
				</Linker>
			</Target>
			<Target title="Release">
				<Option output="bin/Release/ArcNet" prefix_auto="1" extension_auto="1" />
				<Option working_dir="" />
				<Option object_output="obj/Release/" />
				<Option type="2" />
				<Option compiler="gcc" />
				<Option createDefFile="1" />
				<Compiler>
					<Add option="-fexpensive-optimizations" />
					<Add option="-Os" />
					<Add option="-O3" />
				</Compiler>
				<Linker>
					<Add option="-s" />
					<Add directory="../ArcCore/bin/Release" />
				</Linker>
			</Target>
		</Build>
		<Compiler>
			<Add option="-Wall" />
			<Add directory="../ArcCore" />
		</Compiler>
		<Linker>
			<Add library="ArcCore" />
		</Linker>
		<Unit filename="Arc/ArcNet.cpp">
			<Option virtualFolder="Project/" />
		</Unit>
		<Unit filename="Arc/ArcNet.h">
			<Option virtualFolder="Project/" />
		</Unit>
		<Unit filename="Arc/ArcNetVersion.h">
			<Option virtualFolder="Project/Utilities/" />
		</Unit>
		<Extensions>
			<code_completion />
			<debugger />
		</Extensions>
	</Project>
</CodeBlocks_project_file>
