<?xml version="1.0" encoding="utf-8"?>
<Project ToolsVersion="4.0" xmlns="http://schemas.microsoft.com/developer/msbuild/2003">
  <ItemGroup>
    <Filter Include="Utilities">
      <UniqueIdentifier>{f99ed77e-ac6b-424b-b37d-30ed261a9083}</UniqueIdentifier>
    </Filter>
    <Filter Include="XML">
      <UniqueIdentifier>{6b7e2347-dc9c-4dce-9771-5b362aa50cce}</UniqueIdentifier>
    </Filter>
    <Filter Include="CSV">
      <UniqueIdentifier>{ec8bc782-be38-454d-a1e3-7b73f17b6f1c}</UniqueIdentifier>
    </Filter>
    <Filter Include="JSON">
      <UniqueIdentifier>{3ce63133-c452-44f3-ab31-884faa109ba3}</UniqueIdentifier>
    </Filter>
    <Filter Include="ArcML">
      <UniqueIdentifier>{daec4f44-e703-4a7c-94a4-0c8855eee818}</UniqueIdentifier>
    </Filter>
    <Filter Include="COLLADA">
      <UniqueIdentifier>{70d0407b-7fe3-4307-b8e5-2475283b01fa}</UniqueIdentifier>
    </Filter>
    <Filter Include="FBX">
      <UniqueIdentifier>{93ac22b4-f7b9-447a-ba32-81255d25c191}</UniqueIdentifier>
    </Filter>
    <Filter Include="OBJ">
      <UniqueIdentifier>{4b02e862-ad51-4344-9917-803ced415055}</UniqueIdentifier>
    </Filter>
    <Filter Include="PLY">
      <UniqueIdentifier>{9beceb72-2a91-4529-81d8-8ad074a5737b}</UniqueIdentifier>
    </Filter>
  </ItemGroup>
  <ItemGroup>
    <ClInclude Include="Arc\ArcDataVersion.h">
      <Filter>Utilities</Filter>
    </ClInclude>
    <ClInclude Include="Arc\ArcData.h" />
    <ClInclude Include="Arc\CSVDocument.h">
      <Filter>CSV</Filter>
    </ClInclude>
    <ClInclude Include="Arc\CSVRow.h">
      <Filter>CSV</Filter>
    </ClInclude>
    <ClInclude Include="Arc\OBJDocument.h">
      <Filter>OBJ</Filter>
    </ClInclude>
    <ClInclude Include="Arc\OBJFace.h">
      <Filter>OBJ</Filter>
    </ClInclude>
  </ItemGroup>
  <ItemGroup>
    <ClCompile Include="Arc\ArcData.cpp" />
    <ClCompile Include="Arc\CSVDocument.cpp">
      <Filter>CSV</Filter>
    </ClCompile>
    <ClCompile Include="Arc\CSVRow.cpp">
      <Filter>CSV</Filter>
    </ClCompile>
    <ClCompile Include="Arc\OBJFace.cpp">
      <Filter>OBJ</Filter>
    </ClCompile>
    <ClCompile Include="Arc\OBJDocument.cpp">
      <Filter>OBJ</Filter>
    </ClCompile>
  </ItemGroup>
</Project>