<?xml version="1.0" encoding="utf-8"?>
<Project ToolsVersion="4.0" xmlns="http://schemas.microsoft.com/developer/msbuild/2003">
  <ItemGroup>
    <Filter Include="Project">
      <UniqueIdentifier>{a9f6f0e2-69c9-49d0-adf5-dd0dc26ff7d4}</UniqueIdentifier>
    </Filter>
  </ItemGroup>
  <ItemGroup>
    <ClCompile Include="Arc\ArcInterop_ScriptNet.cpp">
      <Filter>Project</Filter>
    </ClCompile>
  </ItemGroup>
  <ItemGroup>
    <ClInclude Include="Arc\ArcInterop_ScriptNet.h">
      <Filter>Project</Filter>
    </ClInclude>
  </ItemGroup>
</Project>