<?xml version="1.0" encoding="utf-8"?>
<Project ToolsVersion="4.0" xmlns="http://schemas.microsoft.com/developer/msbuild/2003">
  <ItemGroup>
    <ClCompile Include="Main.cpp" />
  </ItemGroup>
  <ItemGroup>
    <Filter Include="Tests">
      <UniqueIdentifier>{b2663e14-82f6-49bc-a9d5-6789a97a60ed}</UniqueIdentifier>
    </Filter>
  </ItemGroup>
  <ItemGroup>
    <ClInclude Include="ArcData_OBJDocumentTests.h">
      <Filter>Tests</Filter>
    </ClInclude>
    <ClInclude Include="ArcData_PLYDocumentTests.h">
      <Filter>Tests</Filter>
    </ClInclude>
    <ClInclude Include="ArcCore_RandomFunctionsTests.h">
      <Filter>Tests</Filter>
    </ClInclude>
    <ClInclude Include="ArcCore_StandardTypesTests.h">
      <Filter>Tests</Filter>
    </ClInclude>
    <ClInclude Include="ArcCore_StringFunctionsTests.h">
      <Filter>Tests</Filter>
    </ClInclude>
    <ClInclude Include="ArcNet_IPAddressTests.h">
      <Filter>Tests</Filter>
    </ClInclude>
  </ItemGroup>
  <ItemGroup>
    <None Include="Assets\Test.lua" />
  </ItemGroup>
</Project>