<?xml version="1.0" encoding="utf-8"?>
<Project ToolsVersion="4.0" xmlns="http://schemas.microsoft.com/developer/msbuild/2003">
  <ItemGroup>
    <Filter Include="Program">
      <UniqueIdentifier>{7e0613f4-e433-4e84-bfd2-0ec716a03bf0}</UniqueIdentifier>
    </Filter>
    <Filter Include="Memory Tracking">
      <UniqueIdentifier>{8d13590d-baf2-425d-8c8e-c3e3d3f8cdf5}</UniqueIdentifier>
    </Filter>
    <Filter Include="Utilities">
      <UniqueIdentifier>{be6ee046-6312-4229-b4d3-aa938d580f63}</UniqueIdentifier>
    </Filter>
    <Filter Include="Utilities\Functions">
      <UniqueIdentifier>{ee814a3b-df0d-4db0-9c4a-b4b32ef57da2}</UniqueIdentifier>
    </Filter>
    <Filter Include="Collections">
      <UniqueIdentifier>{873db502-807c-44f8-85f7-c086390338bf}</UniqueIdentifier>
    </Filter>
    <Filter Include="Geometry">
      <UniqueIdentifier>{4b9b7485-cfc9-4297-aae1-40860cb7f2d4}</UniqueIdentifier>
    </Filter>
    <Filter Include="Testing">
      <UniqueIdentifier>{9529dbdc-16f6-48db-a2f2-a7fdd5ba27cd}</UniqueIdentifier>
    </Filter>
    <Filter Include="Data">
      <UniqueIdentifier>{66a1dec8-04ba-41b0-a5e2-622aaf9b43c1}</UniqueIdentifier>
    </Filter>
    <Filter Include="Logging">
      <UniqueIdentifier>{6c515a19-b6ae-4569-8565-6a5bf9fdfe91}</UniqueIdentifier>
    </Filter>
  </ItemGroup>
  <ItemGroup>
    <ClInclude Include="Arc\ArcCoreVersion.h">
      <Filter>Utilities</Filter>
    </ClInclude>
    <ClInclude Include="Arc\ArcCore.h" />
    <ClInclude Include="Arc\ArrayList.h">
      <Filter>Collections</Filter>
    </ClInclude>
    <ClInclude Include="Arc\StringFunctions.h">
      <Filter>Utilities\Functions</Filter>
    </ClInclude>
    <ClInclude Include="Arc\MathFunctions.h">
      <Filter>Utilities\Functions</Filter>
    </ClInclude>
    <ClInclude Include="Arc\ManagedObject.h">
      <Filter>Memory Tracking</Filter>
    </ClInclude>
    <ClInclude Include="Arc\RandomFunctions.h">
      <Filter>Utilities\Functions</Filter>
    </ClInclude>
    <ClInclude Include="Arc\Map.h">
      <Filter>Collections</Filter>
    </ClInclude>
    <ClInclude Include="Arc\MemoryTracker.h">
      <Filter>Memory Tracking</Filter>
    </ClInclude>
    <ClInclude Include="Arc\Types.h">
      <Filter>Utilities</Filter>
    </ClInclude>
    <ClInclude Include="Arc\Platform.h">
      <Filter>Utilities</Filter>
    </ClInclude>
    <ClInclude Include="Arc\Vector2.h">
      <Filter>Geometry</Filter>
    </ClInclude>
    <ClInclude Include="Arc\Vector4.h">
      <Filter>Geometry</Filter>
    </ClInclude>
    <ClInclude Include="Arc\Vector3.h">
      <Filter>Geometry</Filter>
    </ClInclude>
    <ClInclude Include="Arc\TestGroup.h">
      <Filter>Testing</Filter>
    </ClInclude>
    <ClInclude Include="Arc\TestResult.h">
      <Filter>Testing</Filter>
    </ClInclude>
    <ClInclude Include="Arc\Buffer.h">
      <Filter>Data</Filter>
    </ClInclude>
    <ClInclude Include="Arc\ParseFunctions.h">
      <Filter>Utilities\Functions</Filter>
    </ClInclude>
    <ClInclude Include="Arc\Log.h">
      <Filter>Logging</Filter>
    </ClInclude>
    <ClInclude Include="Arc\FileFunctions.h">
      <Filter>Utilities\Functions</Filter>
    </ClInclude>
    <ClInclude Include="Arc\ConsoleFunctions.h">
      <Filter>Utilities\Functions</Filter>
    </ClInclude>
  </ItemGroup>
  <ItemGroup>
    <ClCompile Include="Arc\StringFunctions.cpp">
      <Filter>Utilities\Functions</Filter>
    </ClCompile>
    <ClCompile Include="Arc\RandomFunctions.cpp">
      <Filter>Utilities\Functions</Filter>
    </ClCompile>
    <ClCompile Include="Arc\MemoryTracker.cpp">
      <Filter>Memory Tracking</Filter>
    </ClCompile>
    <ClCompile Include="Arc\ArcCore.cpp" />
    <ClCompile Include="Arc\ManagedObject.cpp">
      <Filter>Memory Tracking</Filter>
    </ClCompile>
    <ClCompile Include="Arc\Vector2.cpp">
      <Filter>Geometry</Filter>
    </ClCompile>
    <ClCompile Include="Arc\Vector4.cpp">
      <Filter>Geometry</Filter>
    </ClCompile>
    <ClCompile Include="Arc\Vector3.cpp">
      <Filter>Geometry</Filter>
    </ClCompile>
    <ClCompile Include="Arc\Buffer.cpp">
      <Filter>Data</Filter>
    </ClCompile>
    <ClCompile Include="Arc\ParseFunctions.cpp">
      <Filter>Utilities\Functions</Filter>
    </ClCompile>
    <ClCompile Include="Arc\Log.cpp">
      <Filter>Logging</Filter>
    </ClCompile>
    <ClCompile Include="Arc\FileFunctions.cpp">
      <Filter>Utilities\Functions</Filter>
    </ClCompile>
    <ClCompile Include="Arc\ConsoleFunctions.cpp">
      <Filter>Utilities\Functions</Filter>
    </ClCompile>
  </ItemGroup>
</Project>